
Microsoft Visual Studio Solution File, Format Version 12.00
# Visual Studio Version 16
VisualStudioVersion = 16.0.31613.86
MinimumVisualStudioVersion = 10.0.40219.1
Project("{FAE04EC0-301F-11D3-BF4B-00C04F79EFBC}") = "GroceryShopping", "GroceryShopping\GroceryShopping.csproj", "{95A71247-3DFD-4920-95B8-1D93042CFDFD}"
EndProject
Global
	GlobalSection(SolutionConfigurationPlatforms) = preSolution
		Debug|Any CPU = Debug|Any CPU
		Release|Any CPU = Release|Any CPU
	EndGlobalSection
	GlobalSection(ProjectConfigurationPlatforms) = postSolution
		{95A71247-3DFD-4920-95B8-1D93042CFDFD}.Debug|Any CPU.ActiveCfg = Debug|Any CPU
		{95A71247-3DFD-4920-95B8-1D93042CFDFD}.Debug|Any CPU.Build.0 = Debug|Any CPU
		{95A71247-3DFD-4920-95B8-1D93042CFDFD}.Release|Any CPU.ActiveCfg = Release|Any CPU
		{95A71247-3DFD-4920-95B8-1D93042CFDFD}.Release|Any CPU.Build.0 = Release|Any CPU
	EndGlobalSection
	GlobalSection(SolutionProperties) = preSolution
		HideSolutionNode = FALSE
	EndGlobalSection
	GlobalSection(ExtensibilityGlobals) = postSolution
		SolutionGuid = {7BDB0AB5-3437-4FA5-9FFC-BF257EB0D9C7}
	EndGlobalSection
EndGlobal
